
Microsoft Visual Studio Solution File, Format Version 12.00
# Visual Studio Version 16
VisualStudioVersion = 16.0.30611.23
MinimumVisualStudioVersion = 10.0.40219.1
Project("{FAE04EC0-301F-11D3-BF4B-00C04F79EFBC}") = "AXADevTest.Android", "AXADevTest\AXADevTest.Android\AXADevTest.Android.csproj", "{7720199D-6D24-41C3-ACB2-CD20AC47A13E}"
EndProject
Project("{9A19103F-16F7-4668-BE54-9A1E7A4F7556}") = "AXADevTest", "AXADevTest\AXADevTest\AXADevTest.csproj", "{494952BD-27C5-4F4D-875D-95E62130988D}"
EndProject
Project("{2150E333-8FDC-42A3-9474-1A3956D46DE8}") = "Tests", "Tests", "{358277F7-3869-4C4B-93FF-0C9B2B7021BF}"
EndProject
Project("{9A19103F-16F7-4668-BE54-9A1E7A4F7556}") = "AxaDevUnitTest", "Tests\AxaDevUnitTest\AxaDevUnitTest.csproj", "{E439CD29-51FD-4676-B1AC-E76EF4587B55}"
EndProject
Project("{FAE04EC0-301F-11D3-BF4B-00C04F79EFBC}") = "AxaApiClient", "AxaApiClient\AxaApiClient.csproj", "{4F084F15-AD11-48B7-9FE8-63AC7697F1A0}"
EndProject
Project("{2150E333-8FDC-42A3-9474-1A3956D46DE8}") = "Platforms", "Platforms", "{D29C1786-01A7-40EA-B110-7CC123E26103}"
EndProject
Project("{2150E333-8FDC-42A3-9474-1A3956D46DE8}") = "Mobile", "Mobile", "{9B2369EC-15EA-4A35-90DD-7CF6369AEA28}"
EndProject
Project("{2150E333-8FDC-42A3-9474-1A3956D46DE8}") = "Console", "Console", "{7657FD5E-4080-4860-96D9-7DA052F9BEC7}"
EndProject
Project("{FAE04EC0-301F-11D3-BF4B-00C04F79EFBC}") = "AxaDevTest.Console", "AxaDevTest.Console\AxaDevTest.Console.csproj", "{81938862-6E41-441F-A54B-3E7E21BD04C7}"
EndProject
Global
	GlobalSection(SolutionConfigurationPlatforms) = preSolution
		Debug|Any CPU = Debug|Any CPU
		Release|Any CPU = Release|Any CPU
	EndGlobalSection
	GlobalSection(ProjectConfigurationPlatforms) = postSolution
		{7720199D-6D24-41C3-ACB2-CD20AC47A13E}.Debug|Any CPU.ActiveCfg = Debug|Any CPU
		{7720199D-6D24-41C3-ACB2-CD20AC47A13E}.Debug|Any CPU.Build.0 = Debug|Any CPU
		{7720199D-6D24-41C3-ACB2-CD20AC47A13E}.Debug|Any CPU.Deploy.0 = Debug|Any CPU
		{7720199D-6D24-41C3-ACB2-CD20AC47A13E}.Release|Any CPU.ActiveCfg = Release|Any CPU
		{7720199D-6D24-41C3-ACB2-CD20AC47A13E}.Release|Any CPU.Build.0 = Release|Any CPU
		{7720199D-6D24-41C3-ACB2-CD20AC47A13E}.Release|Any CPU.Deploy.0 = Release|Any CPU
		{494952BD-27C5-4F4D-875D-95E62130988D}.Debug|Any CPU.ActiveCfg = Debug|Any CPU
		{494952BD-27C5-4F4D-875D-95E62130988D}.Debug|Any CPU.Build.0 = Debug|Any CPU
		{494952BD-27C5-4F4D-875D-95E62130988D}.Debug|Any CPU.Deploy.0 = Debug|Any CPU
		{494952BD-27C5-4F4D-875D-95E62130988D}.Release|Any CPU.ActiveCfg = Release|Any CPU
		{494952BD-27C5-4F4D-875D-95E62130988D}.Release|Any CPU.Build.0 = Release|Any CPU
		{494952BD-27C5-4F4D-875D-95E62130988D}.Release|Any CPU.Deploy.0 = Release|Any CPU
		{E439CD29-51FD-4676-B1AC-E76EF4587B55}.Debug|Any CPU.ActiveCfg = Debug|Any CPU
		{E439CD29-51FD-4676-B1AC-E76EF4587B55}.Debug|Any CPU.Build.0 = Debug|Any CPU
		{E439CD29-51FD-4676-B1AC-E76EF4587B55}.Release|Any CPU.ActiveCfg = Release|Any CPU
		{E439CD29-51FD-4676-B1AC-E76EF4587B55}.Release|Any CPU.Build.0 = Release|Any CPU
		{4F084F15-AD11-48B7-9FE8-63AC7697F1A0}.Debug|Any CPU.ActiveCfg = Debug|Any CPU
		{4F084F15-AD11-48B7-9FE8-63AC7697F1A0}.Debug|Any CPU.Build.0 = Debug|Any CPU
		{4F084F15-AD11-48B7-9FE8-63AC7697F1A0}.Release|Any CPU.ActiveCfg = Release|Any CPU
		{4F084F15-AD11-48B7-9FE8-63AC7697F1A0}.Release|Any CPU.Build.0 = Release|Any CPU
		{81938862-6E41-441F-A54B-3E7E21BD04C7}.Debug|Any CPU.ActiveCfg = Debug|Any CPU
		{81938862-6E41-441F-A54B-3E7E21BD04C7}.Debug|Any CPU.Build.0 = Debug|Any CPU
		{81938862-6E41-441F-A54B-3E7E21BD04C7}.Release|Any CPU.ActiveCfg = Release|Any CPU
		{81938862-6E41-441F-A54B-3E7E21BD04C7}.Release|Any CPU.Build.0 = Release|Any CPU
	EndGlobalSection
	GlobalSection(SolutionProperties) = preSolution
		HideSolutionNode = FALSE
	EndGlobalSection
	GlobalSection(NestedProjects) = preSolution
		{7720199D-6D24-41C3-ACB2-CD20AC47A13E} = {9B2369EC-15EA-4A35-90DD-7CF6369AEA28}
		{494952BD-27C5-4F4D-875D-95E62130988D} = {9B2369EC-15EA-4A35-90DD-7CF6369AEA28}
		{E439CD29-51FD-4676-B1AC-E76EF4587B55} = {358277F7-3869-4C4B-93FF-0C9B2B7021BF}
		{9B2369EC-15EA-4A35-90DD-7CF6369AEA28} = {D29C1786-01A7-40EA-B110-7CC123E26103}
		{7657FD5E-4080-4860-96D9-7DA052F9BEC7} = {D29C1786-01A7-40EA-B110-7CC123E26103}
		{81938862-6E41-441F-A54B-3E7E21BD04C7} = {7657FD5E-4080-4860-96D9-7DA052F9BEC7}
	EndGlobalSection
	GlobalSection(ExtensibilityGlobals) = postSolution
		SolutionGuid = {86EE7ACD-C8AB-49F5-8946-88A9FB6F1C5D}
	EndGlobalSection
EndGlobal
